
Microsoft Visual Studio Solution File, Format Version 12.00
# Visual Studio Version 17
VisualStudioVersion = 17.6.33815.320
MinimumVisualStudioVersion = 10.0.40219.1
Project("{FAE04EC0-301F-11D3-BF4B-00C04F79EFBC}") = "DereceliToDoUygulama", "DereceliToDoUygulama\DereceliToDoUygulama.csproj", "{0BDB3A3E-B50A-41D2-99F1-8B646757EC83}"
EndProject
Global
	GlobalSection(SolutionConfigurationPlatforms) = preSolution
		Debug|Any CPU = Debug|Any CPU
		Release|Any CPU = Release|Any CPU
	EndGlobalSection
	GlobalSection(ProjectConfigurationPlatforms) = postSolution
		{0BDB3A3E-B50A-41D2-99F1-8B646757EC83}.Debug|Any CPU.ActiveCfg = Debug|Any CPU
		{0BDB3A3E-B50A-41D2-99F1-8B646757EC83}.Debug|Any CPU.Build.0 = Debug|Any CPU
		{0BDB3A3E-B50A-41D2-99F1-8B646757EC83}.Release|Any CPU.ActiveCfg = Release|Any CPU
		{0BDB3A3E-B50A-41D2-99F1-8B646757EC83}.Release|Any CPU.Build.0 = Release|Any CPU
	EndGlobalSection
	GlobalSection(SolutionProperties) = preSolution
		HideSolutionNode = FALSE
	EndGlobalSection
	GlobalSection(ExtensibilityGlobals) = postSolution
		SolutionGuid = {F8EC5741-C04A-4CAF-85F8-EBEC9BEE17E7}
	EndGlobalSection
EndGlobal
